
Microsoft Visual Studio Solution File, Format Version 12.00
# Visual Studio Version 17
VisualStudioVersion = 17.7.34024.191
MinimumVisualStudioVersion = 10.0.40219.1
Project("{2150E333-8FDC-42A3-9474-1A3956D46DE8}") = "Services", "Services", "{C29E8E48-F2FE-43A1-ABC4-0C68AE01F3B7}"
EndProject
Project("{2150E333-8FDC-42A3-9474-1A3956D46DE8}") = "Catalog", "Catalog", "{A05F0103-40C9-4EB1-99F7-0CE5C6C6A317}"
EndProject
Project("{9A19103F-16F7-4668-BE54-9A1E7A4F7556}") = "Course.Sevices.Catalog.API", "Services\Catalog\Course.Sevices.Catalog.API\Course.Sevices.Catalog.API.csproj", "{7A08B82C-8F62-460C-A1B2-0F0875E7F3F0}"
EndProject
Project("{2150E333-8FDC-42A3-9474-1A3956D46DE8}") = "PortList", "PortList", "{C86C135F-17F2-4E5E-BA4E-F49CAB7B9BC7}"
	ProjectSection(SolutionItems) = preProject
		Ports.txt = Ports.txt
	EndProjectSection
EndProject
Project("{2150E333-8FDC-42A3-9474-1A3956D46DE8}") = "Shared", "Shared", "{2BAABB77-BC1D-439A-96BD-E29D23AC0C9E}"
EndProject
Project("{9A19103F-16F7-4668-BE54-9A1E7A4F7556}") = "Course.Share", "Shared\Course.Share\Course.Share.csproj", "{182323CD-9A63-4172-85FB-67AD41A01701}"
EndProject
Project("{2150E333-8FDC-42A3-9474-1A3956D46DE8}") = "IdentityServer", "IdentityServer", "{CE71C81A-02ED-4B5C-81B6-8D8BE3A64C94}"
EndProject
Project("{9A19103F-16F7-4668-BE54-9A1E7A4F7556}") = "Course.IdentityServer", "IdentityServer\Course.IdentityServer\Course.IdentityServer.csproj", "{A9194009-5A4A-42EF-869A-C658F531D129}"
EndProject
Project("{2150E333-8FDC-42A3-9474-1A3956D46DE8}") = "PhotoStock", "PhotoStock", "{A9884FE8-3E48-4872-8AC3-5ECBA18BA905}"
EndProject
Project("{9A19103F-16F7-4668-BE54-9A1E7A4F7556}") = "Course.Services.PhotoStock.API", "Services\PhotoStock\Course.Services.PhotoStock.API\Course.Services.PhotoStock.API.csproj", "{57FB7D82-DF75-4DC5-B76A-B44911F361B1}"
EndProject
Project("{2150E333-8FDC-42A3-9474-1A3956D46DE8}") = "Basket", "Basket", "{97E3FAB3-CE8F-439C-8F29-79F4DE1B96F4}"
EndProject
Project("{9A19103F-16F7-4668-BE54-9A1E7A4F7556}") = "Course.Services.Basket.API", "Services\Basket\Course.Services.Basket.API\Course.Services.Basket.API.csproj", "{F89FA3DF-F8DE-420A-96F1-81FAD84526B2}"
EndProject
Project("{2150E333-8FDC-42A3-9474-1A3956D46DE8}") = "Discount", "Discount", "{3E9D0B2D-2745-4A11-81C4-B1085EFC0065}"
EndProject
Project("{FAE04EC0-301F-11D3-BF4B-00C04F79EFBC}") = "Course.Services.Discount.API", "Services\Discount\Course.Services.Discount.API\Course.Services.Discount.API.csproj", "{84BE13C0-D875-4999-B6EF-094B256C8990}"
EndProject
Global
	GlobalSection(SolutionConfigurationPlatforms) = preSolution
		Debug|Any CPU = Debug|Any CPU
		Release|Any CPU = Release|Any CPU
	EndGlobalSection
	GlobalSection(ProjectConfigurationPlatforms) = postSolution
		{7A08B82C-8F62-460C-A1B2-0F0875E7F3F0}.Debug|Any CPU.ActiveCfg = Debug|Any CPU
		{7A08B82C-8F62-460C-A1B2-0F0875E7F3F0}.Debug|Any CPU.Build.0 = Debug|Any CPU
		{7A08B82C-8F62-460C-A1B2-0F0875E7F3F0}.Release|Any CPU.ActiveCfg = Release|Any CPU
		{7A08B82C-8F62-460C-A1B2-0F0875E7F3F0}.Release|Any CPU.Build.0 = Release|Any CPU
		{182323CD-9A63-4172-85FB-67AD41A01701}.Debug|Any CPU.ActiveCfg = Debug|Any CPU
		{182323CD-9A63-4172-85FB-67AD41A01701}.Debug|Any CPU.Build.0 = Debug|Any CPU
		{182323CD-9A63-4172-85FB-67AD41A01701}.Release|Any CPU.ActiveCfg = Release|Any CPU
		{182323CD-9A63-4172-85FB-67AD41A01701}.Release|Any CPU.Build.0 = Release|Any CPU
		{A9194009-5A4A-42EF-869A-C658F531D129}.Debug|Any CPU.ActiveCfg = Debug|Any CPU
		{A9194009-5A4A-42EF-869A-C658F531D129}.Debug|Any CPU.Build.0 = Debug|Any CPU
		{A9194009-5A4A-42EF-869A-C658F531D129}.Release|Any CPU.ActiveCfg = Release|Any CPU
		{A9194009-5A4A-42EF-869A-C658F531D129}.Release|Any CPU.Build.0 = Release|Any CPU
		{57FB7D82-DF75-4DC5-B76A-B44911F361B1}.Debug|Any CPU.ActiveCfg = Debug|Any CPU
		{57FB7D82-DF75-4DC5-B76A-B44911F361B1}.Debug|Any CPU.Build.0 = Debug|Any CPU
		{57FB7D82-DF75-4DC5-B76A-B44911F361B1}.Release|Any CPU.ActiveCfg = Release|Any CPU
		{57FB7D82-DF75-4DC5-B76A-B44911F361B1}.Release|Any CPU.Build.0 = Release|Any CPU
		{F89FA3DF-F8DE-420A-96F1-81FAD84526B2}.Debug|Any CPU.ActiveCfg = Debug|Any CPU
		{F89FA3DF-F8DE-420A-96F1-81FAD84526B2}.Debug|Any CPU.Build.0 = Debug|Any CPU
		{F89FA3DF-F8DE-420A-96F1-81FAD84526B2}.Release|Any CPU.ActiveCfg = Release|Any CPU
		{F89FA3DF-F8DE-420A-96F1-81FAD84526B2}.Release|Any CPU.Build.0 = Release|Any CPU
		{84BE13C0-D875-4999-B6EF-094B256C8990}.Debug|Any CPU.ActiveCfg = Debug|Any CPU
		{84BE13C0-D875-4999-B6EF-094B256C8990}.Debug|Any CPU.Build.0 = Debug|Any CPU
		{84BE13C0-D875-4999-B6EF-094B256C8990}.Release|Any CPU.ActiveCfg = Release|Any CPU
		{84BE13C0-D875-4999-B6EF-094B256C8990}.Release|Any CPU.Build.0 = Release|Any CPU
	EndGlobalSection
	GlobalSection(SolutionProperties) = preSolution
		HideSolutionNode = FALSE
	EndGlobalSection
	GlobalSection(NestedProjects) = preSolution
		{A05F0103-40C9-4EB1-99F7-0CE5C6C6A317} = {C29E8E48-F2FE-43A1-ABC4-0C68AE01F3B7}
		{7A08B82C-8F62-460C-A1B2-0F0875E7F3F0} = {A05F0103-40C9-4EB1-99F7-0CE5C6C6A317}
		{182323CD-9A63-4172-85FB-67AD41A01701} = {2BAABB77-BC1D-439A-96BD-E29D23AC0C9E}
		{A9194009-5A4A-42EF-869A-C658F531D129} = {CE71C81A-02ED-4B5C-81B6-8D8BE3A64C94}
		{A9884FE8-3E48-4872-8AC3-5ECBA18BA905} = {C29E8E48-F2FE-43A1-ABC4-0C68AE01F3B7}
		{57FB7D82-DF75-4DC5-B76A-B44911F361B1} = {A9884FE8-3E48-4872-8AC3-5ECBA18BA905}
		{97E3FAB3-CE8F-439C-8F29-79F4DE1B96F4} = {C29E8E48-F2FE-43A1-ABC4-0C68AE01F3B7}
		{F89FA3DF-F8DE-420A-96F1-81FAD84526B2} = {97E3FAB3-CE8F-439C-8F29-79F4DE1B96F4}
		{3E9D0B2D-2745-4A11-81C4-B1085EFC0065} = {C29E8E48-F2FE-43A1-ABC4-0C68AE01F3B7}
		{84BE13C0-D875-4999-B6EF-094B256C8990} = {3E9D0B2D-2745-4A11-81C4-B1085EFC0065}
	EndGlobalSection
	GlobalSection(ExtensibilityGlobals) = postSolution
		SolutionGuid = {75798616-69DC-4977-AF59-5A92FC7ED939}
	EndGlobalSection
EndGlobal
